
Microsoft Visual Studio Solution File, Format Version 12.00
# Visual Studio Version 16
VisualStudioVersion = 16.0.31424.327
MinimumVisualStudioVersion = 10.0.40219.1
Project("{9A19103F-16F7-4668-BE54-9A1E7A4F7556}") = "WordBucket", "WordBucket.csproj", "{D61C611B-C656-4213-82E3-EAF5FAD4138F}"
EndProject
Global
	GlobalSection(SolutionConfigurationPlatforms) = preSolution
		Debug|Any CPU = Debug|Any CPU
		Release|Any CPU = Release|Any CPU
	EndGlobalSection
	GlobalSection(ProjectConfigurationPlatforms) = postSolution
		{D61C611B-C656-4213-82E3-EAF5FAD4138F}.Debug|Any CPU.ActiveCfg = Debug|Any CPU
		{D61C611B-C656-4213-82E3-EAF5FAD4138F}.Debug|Any CPU.Build.0 = Debug|Any CPU
		{D61C611B-C656-4213-82E3-EAF5FAD4138F}.Release|Any CPU.ActiveCfg = Release|Any CPU
		{D61C611B-C656-4213-82E3-EAF5FAD4138F}.Release|Any CPU.Build.0 = Release|Any CPU
	EndGlobalSection
	GlobalSection(SolutionProperties) = preSolution
		HideSolutionNode = FALSE
	EndGlobalSection
	GlobalSection(ExtensibilityGlobals) = postSolution
		SolutionGuid = {D5DD83C4-220B-42D0-B34B-ACD721824572}
	EndGlobalSection
EndGlobal
